// !$*UTF8*$!
{
	archiveVersion = 1;
	classes = {
	};
	objectVersion = 50;
	objects = {

/* Begin PBXBuildFile section */
		1CEBB51E221A818700B8D9D0 /* AppDelegate.m in Sources */ = {isa = PBXBuildFile; fileRef = 1CEBB51D221A818700B8D9D0 /* AppDelegate.m */; };
		1CEBB521221A818700B8D9D0 /* ViewController.m in Sources */ = {isa = PBXBuildFile; fileRef = 1CEBB520221A818700B8D9D0 /* ViewController.m */; };
		1CEBB524221A818700B8D9D0 /* Main.storyboard in Resources */ = {isa = PBXBuildFile; fileRef = 1CEBB522221A818700B8D9D0 /* Main.storyboard */; };
		1CEBB526221A818800B8D9D0 /* Assets.xcassets in Resources */ = {isa = PBXBuildFile; fileRef = 1CEBB525221A818800B8D9D0 /* Assets.xcassets */; };
		1CEBB529221A818800B8D9D0 /* LaunchScreen.storyboard in Resources */ = {isa = PBXBuildFile; fileRef = 1CEBB527221A818800B8D9D0 /* LaunchScreen.storyboard */; };
		1CEBB52C221A818800B8D9D0 /* main.m in Sources */ = {isa = PBXBuildFile; fileRef = 1CEBB52B221A818800B8D9D0 /* main.m */; };
		1CEBB537221A823800B8D9D0 /* LeftCollectionView.m in Sources */ = {isa = PBXBuildFile; fileRef = 1CEBB536221A823800B8D9D0 /* LeftCollectionView.m */; };
		1CEBB53A221A82AE00B8D9D0 /* LeftCollectionViewCell.m in Sources */ = {isa = PBXBuildFile; fileRef = 1CEBB539221A82AE00B8D9D0 /* LeftCollectionViewCell.m */; };
		1CEBB53E221A8E5300B8D9D0 /* leftFlowLayout.m in Sources */ = {isa = PBXBuildFile; fileRef = 1CEBB53C221A8E5300B8D9D0 /* leftFlowLayout.m */; };
/* End PBXBuildFile section */

/* Begin PBXFileReference section */
		1CEBB519221A818700B8D9D0 /* CollectionViewCellLeftFlowLayout.app */ = {isa = PBXFileReference; explicitFileType = wrapper.application; includeInIndex = 0; path = CollectionViewCellLeftFlowLayout.app; sourceTree = BUILT_PRODUCTS_DIR; };
		1CEBB51C221A818700B8D9D0 /* AppDelegate.h */ = {isa = PBXFileReference; lastKnownFileType = sourcecode.c.h; path = AppDelegate.h; sourceTree = "<group>"; };
		1CEBB51D221A818700B8D9D0 /* AppDelegate.m */ = {isa = PBXFileReference; lastKnownFileType = sourcecode.c.objc; path = AppDelegate.m; sourceTree = "<group>"; };
		1CEBB51F221A818700B8D9D0 /* ViewController.h */ = {isa = PBXFileReference; lastKnownFileType = sourcecode.c.h; path = ViewController.h; sourceTree = "<group>"; };
		1CEBB520221A818700B8D9D0 /* ViewController.m */ = {isa = PBXFileReference; lastKnownFileType = sourcecode.c.objc; path = ViewController.m; sourceTree = "<group>"; };
		1CEBB523221A818700B8D9D0 /* Base */ = {isa = PBXFileReference; lastKnownFileType = file.storyboard; name = Base; path = Base.lproj/Main.storyboard; sourceTree = "<group>"; };
		1CEBB525221A818800B8D9D0 /* Assets.xcassets */ = {isa = PBXFileReference; lastKnownFileType = folder.assetcatalog; path = Assets.xcassets; sourceTree = "<group>"; };
		1CEBB528221A818800B8D9D0 /* Base */ = {isa = PBXFileReference; lastKnownFileType = file.storyboard; name = Base; path = Base.lproj/LaunchScreen.storyboard; sourceTree = "<group>"; };
		1CEBB52A221A818800B8D9D0 /* Info.plist */ = {isa = PBXFileReference; lastKnownFileType = text.plist.xml; path = Info.plist; sourceTree = "<group>"; };
		1CEBB52B221A818800B8D9D0 /* main.m */ = {isa = PBXFileReference; lastKnownFileType = sourcecode.c.objc; path = main.m; sourceTree = "<group>"; };
		1CEBB535221A823800B8D9D0 /* LeftCollectionView.h */ = {isa = PBXFileReference; lastKnownFileType = sourcecode.c.h; path = LeftCollectionView.h; sourceTree = "<group>"; };
		1CEBB536221A823800B8D9D0 /* LeftCollectionView.m */ = {isa = PBXFileReference; lastKnownFileType = sourcecode.c.objc; path = LeftCollectionView.m; sourceTree = "<group>"; };
		1CEBB538221A82AE00B8D9D0 /* LeftCollectionViewCell.h */ = {isa = PBXFileReference; lastKnownFileType = sourcecode.c.h; path = LeftCollectionViewCell.h; sourceTree = "<group>"; };
		1CEBB539221A82AE00B8D9D0 /* LeftCollectionViewCell.m */ = {isa = PBXFileReference; lastKnownFileType = sourcecode.c.objc; path = LeftCollectionViewCell.m; sourceTree = "<group>"; };
		1CEBB53C221A8E5300B8D9D0 /* leftFlowLayout.m */ = {isa = PBXFileReference; fileEncoding = 4; lastKnownFileType = sourcecode.c.objc; path = leftFlowLayout.m; sourceTree = "<group>"; };
		1CEBB53D221A8E5300B8D9D0 /* leftFlowLayout.h */ = {isa = PBXFileReference; fileEncoding = 4; lastKnownFileType = sourcecode.c.h; path = leftFlowLayout.h; sourceTree = "<group>"; };
/* End PBXFileReference section */

/* Begin PBXFrameworksBuildPhase section */
		1CEBB516221A818700B8D9D0 /* Frameworks */ = {
			isa = PBXFrameworksBuildPhase;
			buildActionMask = 2147483647;
			files = (
			);
			runOnlyForDeploymentPostprocessing = 0;
		};
/* End PBXFrameworksBuildPhase section */

/* Begin PBXGroup section */
		1CEBB510221A818700B8D9D0 = {
			isa = PBXGroup;
			children = (
				1CEBB51B221A818700B8D9D0 /* CollectionViewCellLeftFlowLayout */,
				1CEBB51A221A818700B8D9D0 /* Products */,
			);
			sourceTree = "<group>";
		};
		1CEBB51A221A818700B8D9D0 /* Products */ = {
			isa = PBXGroup;
			children = (
				1CEBB519221A818700B8D9D0 /* CollectionViewCellLeftFlowLayout.app */,
			);
			name = Products;
			sourceTree = "<group>";
		};
		1CEBB51B221A818700B8D9D0 /* CollectionViewCellLeftFlowLayout */ = {
			isa = PBXGroup;
			children = (
				1CEBB51C221A818700B8D9D0 /* AppDelegate.h */,
				1CEBB51D221A818700B8D9D0 /* AppDelegate.m */,
				1CEBB51F221A818700B8D9D0 /* ViewController.h */,
				1CEBB520221A818700B8D9D0 /* ViewController.m */,
				1CEBB535221A823800B8D9D0 /* LeftCollectionView.h */,
				1CEBB536221A823800B8D9D0 /* LeftCollectionView.m */,
				1CEBB538221A82AE00B8D9D0 /* LeftCollectionViewCell.h */,
				1CEBB539221A82AE00B8D9D0 /* LeftCollectionViewCell.m */,
				1CEBB53D221A8E5300B8D9D0 /* leftFlowLayout.h */,
				1CEBB53C221A8E5300B8D9D0 /* leftFlowLayout.m */,
				1CEBB522221A818700B8D9D0 /* Main.storyboard */,
				1CEBB525221A818800B8D9D0 /* Assets.xcassets */,
				1CEBB527221A818800B8D9D0 /* LaunchScreen.storyboard */,
				1CEBB52A221A818800B8D9D0 /* Info.plist */,
				1CEBB52B221A818800B8D9D0 /* main.m */,
			);
			path = CollectionViewCellLeftFlowLayout;
			sourceTree = "<group>";
		};
/* End PBXGroup section */

/* Begin PBXNativeTarget section */
		1CEBB518221A818700B8D9D0 /* CollectionViewCellLeftFlowLayout */ = {
			isa = PBXNativeTarget;
			buildConfigurationList = 1CEBB52F221A818800B8D9D0 /* Build configuration list for PBXNativeTarget "CollectionViewCellLeftFlowLayout" */;
			buildPhases = (
				1CEBB515221A818700B8D9D0 /* Sources */,
				1CEBB516221A818700B8D9D0 /* Frameworks */,
				1CEBB517221A818700B8D9D0 /* Resources */,
			);
			buildRules = (
			);
			dependencies = (
			);
			name = CollectionViewCellLeftFlowLayout;
			productName = CollectionViewCellLeftFlowLayout;
			productReference = 1CEBB519221A818700B8D9D0 /* CollectionViewCellLeftFlowLayout.app */;
			productType = "com.apple.product-type.application";
		};
/* End PBXNativeTarget section */

/* Begin PBXProject section */
		1CEBB511221A818700B8D9D0 /* Project object */ = {
			isa = PBXProject;
			attributes = {
				LastUpgradeCheck = 1010;
				ORGANIZATIONNAME = iOS;
				TargetAttributes = {
					1CEBB518221A818700B8D9D0 = {
						CreatedOnToolsVersion = 10.1;
					};
				};
			};
			buildConfigurationList = 1CEBB514221A818700B8D9D0 /* Build configuration list for PBXProject "CollectionViewCellLeftFlowLayout" */;
			compatibilityVersion = "Xcode 9.3";
			developmentRegion = en;
			hasScannedForEncodings = 0;
			knownRegions = (
				en,
				Base,
			);
			mainGroup = 1CEBB510221A818700B8D9D0;
			productRefGroup = 1CEBB51A221A818700B8D9D0 /* Products */;
			projectDirPath = "";
			projectRoot = "";
			targets = (
				1CEBB518221A818700B8D9D0 /* CollectionViewCellLeftFlowLayout */,
			);
		};
/* End PBXProject section */

/* Begin PBXResourcesBuildPhase section */
		1CEBB517221A818700B8D9D0 /* Resources */ = {
			isa = PBXResourcesBuildPhase;
			buildActionMask = 2147483647;
			files = (
				1CEBB529221A818800B8D9D0 /* LaunchScreen.storyboard in Resources */,
				1CEBB526221A818800B8D9D0 /* Assets.xcassets in Resources */,
				1CEBB524221A818700B8D9D0 /* Main.storyboard in Resources */,
			);
			runOnlyForDeploymentPostprocessing = 0;
		};
/* End PBXResourcesBuildPhase section */

/* Begin PBXSourcesBuildPhase section */
		1CEBB515221A818700B8D9D0 /* Sources */ = {
			isa = PBXSourcesBuildPhase;
			buildActionMask = 2147483647;
			files = (
				1CEBB521221A818700B8D9D0 /* ViewController.m in Sources */,
				1CEBB52C221A818800B8D9D0 /* main.m in Sources */,
				1CEBB53E221A8E5300B8D9D0 /* leftFlowLayout.m in Sources */,
				1CEBB51E221A818700B8D9D0 /* AppDelegate.m in Sources */,
				1CEBB537221A823800B8D9D0 /* LeftCollectionView.m in Sources */,
				1CEBB53A221A82AE00B8D9D0 /* LeftCollectionViewCell.m in Sources */,
			);
			runOnlyForDeploymentPostprocessing = 0;
		};
/* End PBXSourcesBuildPhase section */

/* Begin PBXVariantGroup section */
		1CEBB522221A818700B8D9D0 /* Main.storyboard */ = {
			isa = PBXVariantGroup;
			children = (
				1CEBB523221A818700B8D9D0 /* Base */,
			);
			name = Main.storyboard;
			sourceTree = "<group>";
		};
		1CEBB527221A818800B8D9D0 /* LaunchScreen.storyboard */ = {
			isa = PBXVariantGroup;
			children = (
				1CEBB528221A818800B8D9D0 /* Base */,
			);
			name = LaunchScreen.storyboard;
			sourceTree = "<group>";
		};
/* End PBXVariantGroup section */

/* Begin XCBuildConfiguration section */
		1CEBB52D221A818800B8D9D0 /* Debug */ = {
			isa = XCBuildConfiguration;
			buildSettings = {
				ALWAYS_SEARCH_USER_PATHS = NO;
				CLANG_ANALYZER_NONNULL = YES;
				CLANG_ANALYZER_NUMBER_OBJECT_CONVERSION = YES_AGGRESSIVE;
				CLANG_CXX_LANGUAGE_STANDARD = "gnu++14";
				CLANG_CXX_LIBRARY = "libc++";
				CLANG_ENABLE_MODULES = YES;
				CLANG_ENABLE_OBJC_ARC = YES;
				CLANG_ENABLE_OBJC_WEAK = YES;
				CLANG_WARN_BLOCK_CAPTURE_AUTORELEASING = YES;
				CLANG_WARN_BOOL_CONVERSION = YES;
				CLANG_WARN_COMMA = YES;
				CLANG_WARN_CONSTANT_CONVERSION = YES;
				CLANG_WARN_DEPRECATED_OBJC_IMPLEMENTATIONS = YES;
				CLANG_WARN_DIRECT_OBJC_ISA_USAGE = YES_ERROR;
				CLANG_WARN_DOCUMENTATION_COMMENTS = YES;
				CLANG_WARN_EMPTY_BODY = YES;
				CLANG_WARN_ENUM_CONVERSION = YES;
				CLANG_WARN_INFINITE_RECURSION = YES;
				CLANG_WARN_INT_CONVERSION = YES;
				CLANG_WARN_NON_LITERAL_NULL_CONVERSION = YES;
				CLANG_WARN_OBJC_IMPLICIT_RETAIN_SELF = YES;
				CLANG_WARN_OBJC_LITERAL_CONVERSION = YES;
				CLANG_WARN_OBJC_ROOT_CLASS = YES_ERROR;
				CLANG_WARN_RANGE_LOOP_ANALYSIS = YES;
				CLANG_WARN_STRICT_PROTOTYPES = YES;
				CLANG_WARN_SUSPICIOUS_MOVE = YES;
				CLANG_WARN_UNGUARDED_AVAILABILITY = YES_AGGRESSIVE;
				CLANG_WARN_UNREACHABLE_CODE = YES;
				CLANG_WARN__DUPLICATE_METHOD_MATCH = YES;
				CODE_SIGN_IDENTITY = "iPhone Developer";
				COPY_PHASE_STRIP = NO;
				DEBUG_INFORMATION_FORMAT = dwarf;
				ENABLE_STRICT_OBJC_MSGSEND = YES;
				ENABLE_TESTABILITY = YES;
				GCC_C_LANGUAGE_STANDARD = gnu11;
				GCC_DYNAMIC_NO_PIC = NO;
				GCC_NO_COMMON_BLOCKS = YES;
				GCC_OPTIMIZATION_LEVEL = 0;
				GCC_PREPROCESSOR_DEFINITIONS = (
					"DEBUG=1",
					"$(inherited)",
				);
				GCC_WARN_64_TO_32_BIT_CONVERSION = YES;
				GCC_WARN_ABOUT_RETURN_TYPE = YES_ERROR;
				GCC_WARN_UNDECLARED_SELECTOR = YES;
				GCC_WARN_UNINITIALIZED_AUTOS = YES_AGGRESSIVE;
				GCC_WARN_UNUSED_FUNCTION = YES;
				GCC_WARN_UNUSED_VARIABLE = YES;
				IPHONEOS_DEPLOYMENT_TARGET = 12.1;
				MTL_ENABLE_DEBUG_INFO = INCLUDE_SOURCE;
				MTL_FAST_MATH = YES;
				ONLY_ACTIVE_ARCH = YES;
				SDKROOT = iphoneos;
			};
			name = Debug;
		};
		1CEBB52E221A818800B8D9D0 /* Release */ = {
			isa = XCBuildConfiguration;
			buildSettings = {
				ALWAYS_SEARCH_USER_PATHS = NO;
				CLANG_ANALYZER_NONNULL = YES;
				CLANG_ANALYZER_NUMBER_OBJECT_CONVERSION = YES_AGGRESSIVE;
				CLANG_CXX_LANGUAGE_STANDARD = "gnu++14";
				CLANG_CXX_LIBRARY = "libc++";
				CLANG_ENABLE_MODULES = YES;
				CLANG_ENABLE_OBJC_ARC = YES;
				CLANG_ENABLE_OBJC_WEAK = YES;
				CLANG_WARN_BLOCK_CAPTURE_AUTORELEASING = YES;
				CLANG_WARN_BOOL_CONVERSION = YES;
				CLANG_WARN_COMMA = YES;
				CLANG_WARN_CONSTANT_CONVERSION = YES;
				CLANG_WARN_DEPRECATED_OBJC_IMPLEMENTATIONS = YES;
				CLANG_WARN_DIRECT_OBJC_ISA_USAGE = YES_ERROR;
				CLANG_WARN_DOCUMENTATION_COMMENTS = YES;
				CLANG_WARN_EMPTY_BODY = YES;
				CLANG_WARN_ENUM_CONVERSION = YES;
				CLANG_WARN_INFINITE_RECURSION = YES;
				CLANG_WARN_INT_CONVERSION = YES;
				CLANG_WARN_NON_LITERAL_NULL_CONVERSION = YES;
				CLANG_WARN_OBJC_IMPLICIT_RETAIN_SELF = YES;
				CLANG_WARN_OBJC_LITERAL_CONVERSION = YES;
				CLANG_WARN_OBJC_ROOT_CLASS = YES_ERROR;
				CLANG_WARN_RANGE_LOOP_ANALYSIS = YES;
				CLANG_WARN_STRICT_PROTOTYPES = YES;
				CLANG_WARN_SUSPICIOUS_MOVE = YES;
				CLANG_WARN_UNGUARDED_AVAILABILITY = YES_AGGRESSIVE;
				CLANG_WARN_UNREACHABLE_CODE = YES;
				CLANG_WARN__DUPLICATE_METHOD_MATCH = YES;
				CODE_SIGN_IDENTITY = "iPhone Developer";
				COPY_PHASE_STRIP = NO;
				DEBUG_INFORMATION_FORMAT = "dwarf-with-dsym";
				ENABLE_NS_ASSERTIONS = NO;
				ENABLE_STRICT_OBJC_MSGSEND = YES;
				GCC_C_LANGUAGE_STANDARD = gnu11;
				GCC_NO_COMMON_BLOCKS = YES;
				GCC_WARN_64_TO_32_BIT_CONVERSION = YES;
				GCC_WARN_ABOUT_RETURN_TYPE = YES_ERROR;
				GCC_WARN_UNDECLARED_SELECTOR = YES;
				GCC_WARN_UNINITIALIZED_AUTOS = YES_AGGRESSIVE;
				GCC_WARN_UNUSED_FUNCTION = YES;
				GCC_WARN_UNUSED_VARIABLE = YES;
				IPHONEOS_DEPLOYMENT_TARGET = 12.1;
				MTL_ENABLE_DEBUG_INFO = NO;
				MTL_FAST_MATH = YES;
				SDKROOT = iphoneos;
				VALIDATE_PRODUCT = YES;
			};
			name = Release;
		};
		1CEBB530221A818800B8D9D0 /* Debug */ = {
			isa = XCBuildConfiguration;
			buildSettings = {
				ASSETCATALOG_COMPILER_APPICON_NAME = AppIcon;
				CODE_SIGN_STYLE = Automatic;
				DEVELOPMENT_TEAM = 9TR8XAZ6W8;
				INFOPLIST_FILE = CollectionViewCellLeftFlowLayout/Info.plist;
				IPHONEOS_DEPLOYMENT_TARGET = 12.1;
				LD_RUNPATH_SEARCH_PATHS = (
					"$(inherited)",
					"@executable_path/Frameworks",
				);
				PRODUCT_BUNDLE_IDENTIFIER = iOS.CollectionViewCellLeftFlowLayout;
				PRODUCT_NAME = "$(TARGET_NAME)";
				TARGETED_DEVICE_FAMILY = "1,2";
			};
			name = Debug;
		};
		1CEBB531221A818800B8D9D0 /* Release */ = {
			isa = XCBuildConfiguration;
			buildSettings = {
				ASSETCATALOG_COMPILER_APPICON_NAME = AppIcon;
				CODE_SIGN_STYLE = Automatic;
				DEVELOPMENT_TEAM = 9TR8XAZ6W8;
				INFOPLIST_FILE = CollectionViewCellLeftFlowLayout/Info.plist;
				IPHONEOS_DEPLOYMENT_TARGET = 12.1;
				LD_RUNPATH_SEARCH_PATHS = (
					"$(inherited)",
					"@executable_path/Frameworks",
				);
				PRODUCT_BUNDLE_IDENTIFIER = iOS.CollectionViewCellLeftFlowLayout;
				PRODUCT_NAME = "$(TARGET_NAME)";
				TARGETED_DEVICE_FAMILY = "1,2";
			};
			name = Release;
		};
/* End XCBuildConfiguration section */

/* Begin XCConfigurationList section */
		1CEBB514221A818700B8D9D0 /* Build configuration list for PBXProject "CollectionViewCellLeftFlowLayout" */ = {
			isa = XCConfigurationList;
			buildConfigurations = (
				1CEBB52D221A818800B8D9D0 /* Debug */,
				1CEBB52E221A818800B8D9D0 /* Release */,
			);
			defaultConfigurationIsVisible = 0;
			defaultConfigurationName = Release;
		};
		1CEBB52F221A818800B8D9D0 /* Build configuration list for PBXNativeTarget "CollectionViewCellLeftFlowLayout" */ = {
			isa = XCConfigurationList;
			buildConfigurations = (
				1CEBB530221A818800B8D9D0 /* Debug */,
				1CEBB531221A818800B8D9D0 /* Release */,
			);
			defaultConfigurationIsVisible = 0;
			defaultConfigurationName = Release;
		};
/* End XCConfigurationList section */
	};
	rootObject = 1CEBB511221A818700B8D9D0 /* Project object */;
}
